
Microsoft Visual Studio Solution File, Format Version 12.00
# Visual Studio 2013
VisualStudioVersion = 12.0.40629.0
MinimumVisualStudioVersion = 10.0.40219.1
Project("{FAE04EC0-301F-11D3-BF4B-00C04F79EFBC}") = "dev.joestevens.web", "dev.joestevens.web\dev.joestevens.web.csproj", "{232B05EB-C943-4297-9833-D47C2400630B}"
EndProject
Project("{CAA73BB0-EF22-4D79-A57E-DF67B3BA9C80}") = "dev.joestevens.TDS.Master", "dev.joestevens.TDS.Master\dev.joestevens.TDS.Master.scproj", "{F3D7500E-DB5B-46F7-9A09-EB15E193D413}"
EndProject
Project("{2150E333-8FDC-42A3-9474-1A3956D46DE8}") = ".nuget", ".nuget", "{92CAD3E1-B2D7-4704-B6C7-64553C2DD1B8}"
	ProjectSection(SolutionItems) = preProject
		.nuget\packages.config = .nuget\packages.config
	EndProjectSection
EndProject
Project("{FAE04EC0-301F-11D3-BF4B-00C04F79EFBC}") = "dev.joestevens.Environment", "dev.joestevens.Environment\dev.joestevens.Environment.csproj", "{9DCF06BD-F752-49FB-BA2C-1EBA10D2DFEB}"
EndProject
Global
	GlobalSection(SolutionConfigurationPlatforms) = preSolution
		Debug|Any CPU = Debug|Any CPU
		INT|Any CPU = INT|Any CPU
		Release|Any CPU = Release|Any CPU
		STGCDS|Any CPU = STGCDS|Any CPU
		STGCMS|Any CPU = STGCMS|Any CPU
	EndGlobalSection
	GlobalSection(ProjectConfigurationPlatforms) = postSolution
		{232B05EB-C943-4297-9833-D47C2400630B}.Debug|Any CPU.ActiveCfg = Debug|Any CPU
		{232B05EB-C943-4297-9833-D47C2400630B}.Debug|Any CPU.Build.0 = Debug|Any CPU
		{232B05EB-C943-4297-9833-D47C2400630B}.INT|Any CPU.ActiveCfg = INT|Any CPU
		{232B05EB-C943-4297-9833-D47C2400630B}.INT|Any CPU.Build.0 = INT|Any CPU
		{232B05EB-C943-4297-9833-D47C2400630B}.Release|Any CPU.ActiveCfg = Release|Any CPU
		{232B05EB-C943-4297-9833-D47C2400630B}.Release|Any CPU.Build.0 = Release|Any CPU
		{232B05EB-C943-4297-9833-D47C2400630B}.STGCDS|Any CPU.ActiveCfg = STGCDS|Any CPU
		{232B05EB-C943-4297-9833-D47C2400630B}.STGCDS|Any CPU.Build.0 = STGCDS|Any CPU
		{232B05EB-C943-4297-9833-D47C2400630B}.STGCMS|Any CPU.ActiveCfg = STGCMS|Any CPU
		{232B05EB-C943-4297-9833-D47C2400630B}.STGCMS|Any CPU.Build.0 = STGCMS|Any CPU
		{F3D7500E-DB5B-46F7-9A09-EB15E193D413}.Debug|Any CPU.ActiveCfg = Debug|Any CPU
		{F3D7500E-DB5B-46F7-9A09-EB15E193D413}.Debug|Any CPU.Build.0 = Debug|Any CPU
		{F3D7500E-DB5B-46F7-9A09-EB15E193D413}.Debug|Any CPU.Deploy.0 = Debug|Any CPU
		{F3D7500E-DB5B-46F7-9A09-EB15E193D413}.INT|Any CPU.ActiveCfg = INT|Any CPU
		{F3D7500E-DB5B-46F7-9A09-EB15E193D413}.INT|Any CPU.Build.0 = INT|Any CPU
		{F3D7500E-DB5B-46F7-9A09-EB15E193D413}.INT|Any CPU.Deploy.0 = INT|Any CPU
		{F3D7500E-DB5B-46F7-9A09-EB15E193D413}.Release|Any CPU.ActiveCfg = Release|Any CPU
		{F3D7500E-DB5B-46F7-9A09-EB15E193D413}.Release|Any CPU.Build.0 = Release|Any CPU
		{F3D7500E-DB5B-46F7-9A09-EB15E193D413}.Release|Any CPU.Deploy.0 = Release|Any CPU
		{F3D7500E-DB5B-46F7-9A09-EB15E193D413}.STGCDS|Any CPU.ActiveCfg = STGCDS|Any CPU
		{F3D7500E-DB5B-46F7-9A09-EB15E193D413}.STGCMS|Any CPU.ActiveCfg = STGCMS|Any CPU
		{9DCF06BD-F752-49FB-BA2C-1EBA10D2DFEB}.Debug|Any CPU.ActiveCfg = Debug|Any CPU
		{9DCF06BD-F752-49FB-BA2C-1EBA10D2DFEB}.Debug|Any CPU.Build.0 = Debug|Any CPU
		{9DCF06BD-F752-49FB-BA2C-1EBA10D2DFEB}.INT|Any CPU.ActiveCfg = Release|Any CPU
		{9DCF06BD-F752-49FB-BA2C-1EBA10D2DFEB}.INT|Any CPU.Build.0 = Release|Any CPU
		{9DCF06BD-F752-49FB-BA2C-1EBA10D2DFEB}.Release|Any CPU.ActiveCfg = Release|Any CPU
		{9DCF06BD-F752-49FB-BA2C-1EBA10D2DFEB}.Release|Any CPU.Build.0 = Release|Any CPU
		{9DCF06BD-F752-49FB-BA2C-1EBA10D2DFEB}.STGCDS|Any CPU.ActiveCfg = Release|Any CPU
		{9DCF06BD-F752-49FB-BA2C-1EBA10D2DFEB}.STGCDS|Any CPU.Build.0 = Release|Any CPU
		{9DCF06BD-F752-49FB-BA2C-1EBA10D2DFEB}.STGCMS|Any CPU.ActiveCfg = Release|Any CPU
		{9DCF06BD-F752-49FB-BA2C-1EBA10D2DFEB}.STGCMS|Any CPU.Build.0 = Release|Any CPU
	EndGlobalSection
	GlobalSection(SolutionProperties) = preSolution
		HideSolutionNode = FALSE
	EndGlobalSection
EndGlobal
